
Microsoft Visual Studio Solution File, Format Version 12.00
# Visual Studio 15
VisualStudioVersion = 15.0.28010.2016
MinimumVisualStudioVersion = 10.0.40219.1
Project("{FAE04EC0-301F-11D3-BF4B-00C04F79EFBC}") = "ParaphraserApp", "ParaphraserApp\ParaphraserApp.csproj", "{BC8E618D-7C2C-4EB0-B469-E77ED6EB658D}"
EndProject
Global
	GlobalSection(SolutionConfigurationPlatforms) = preSolution
		Debug|Any CPU = Debug|Any CPU
		Debug|x64 = Debug|x64
		Release|Any CPU = Release|Any CPU
		Release|x64 = Release|x64
	EndGlobalSection
	GlobalSection(ProjectConfigurationPlatforms) = postSolution
		{BC8E618D-7C2C-4EB0-B469-E77ED6EB658D}.Debug|Any CPU.ActiveCfg = Debug|Any CPU
		{BC8E618D-7C2C-4EB0-B469-E77ED6EB658D}.Debug|Any CPU.Build.0 = Debug|Any CPU
		{BC8E618D-7C2C-4EB0-B469-E77ED6EB658D}.Debug|x64.ActiveCfg = Debug|x64
		{BC8E618D-7C2C-4EB0-B469-E77ED6EB658D}.Debug|x64.Build.0 = Debug|x64
		{BC8E618D-7C2C-4EB0-B469-E77ED6EB658D}.Release|Any CPU.ActiveCfg = Release|Any CPU
		{BC8E618D-7C2C-4EB0-B469-E77ED6EB658D}.Release|Any CPU.Build.0 = Release|Any CPU
		{BC8E618D-7C2C-4EB0-B469-E77ED6EB658D}.Release|x64.ActiveCfg = Release|x64
		{BC8E618D-7C2C-4EB0-B469-E77ED6EB658D}.Release|x64.Build.0 = Release|x64
	EndGlobalSection
	GlobalSection(SolutionProperties) = preSolution
		HideSolutionNode = FALSE
	EndGlobalSection
	GlobalSection(ExtensibilityGlobals) = postSolution
		SolutionGuid = {93886D71-2F98-4D88-A186-A37321B56359}
	EndGlobalSection
EndGlobal
